Microsoft Visual Studio Solution File, Format Version 11.00
# Visual Studio 2008

Project("{27879347-AAB3-CE47-4137-4D48809DAC0A}") = "game3_LOCAL V1.3", "Assembly-CSharp.csproj", "{5C3F493A-DDEB-E626-4E8E-1FA8FED3BA31}"
EndProject
Global
	GlobalSection(SolutionConfigurationPlatforms) = preSolution
		Debug|Any CPU = Debug|Any CPU
		Release|Any CPU = Release|Any CPU
	EndGlobalSection
	GlobalSection(ProjectConfigurationPlatforms) = postSolution
		{5C3F493A-DDEB-E626-4E8E-1FA8FED3BA31}.Debug|Any CPU.ActiveCfg = Debug|Any CPU
		{5C3F493A-DDEB-E626-4E8E-1FA8FED3BA31}.Debug|Any CPU.Build.0 = Debug|Any CPU
		{5C3F493A-DDEB-E626-4E8E-1FA8FED3BA31}.Release|Any CPU.ActiveCfg = Release|Any CPU
		{5C3F493A-DDEB-E626-4E8E-1FA8FED3BA31}.Release|Any CPU.Build.0 = Release|Any CPU
	EndGlobalSection
	GlobalSection(SolutionProperties) = preSolution
		HideSolutionNode = FALSE
	EndGlobalSection
	GlobalSection(MonoDevelopProperties) = preSolution
		StartupItem = Assembly-CSharp.csproj
	EndGlobalSection
EndGlobal
